
Microsoft Visual Studio Solution File, Format Version 12.00
# Visual Studio Version 17
VisualStudioVersion = 17.13.35931.197 d17.13
MinimumVisualStudioVersion = 10.0.40219.1
Project("{FAE04EC0-301F-11D3-BF4B-00C04F79EFBC}") = "WEB_253551_URBANOVICH.UI", "WEB_253551_URBANOVICH.UI\WEB_253551_URBANOVICH.UI.csproj", "{6A42EEB6-F28A-409C-882A-0C52DC8B8B78}"
EndProject
Project("{9A19103F-16F7-4668-BE54-9A1E7A4F7556}") = "WEB_253551_URBANOVICH.Domain", "WEB_253551_URBANOVICH.Domain\WEB_253551_URBANOVICH.Domain.csproj", "{E5F1DFFF-52FF-4F0B-B092-57C46B79A2DC}"
EndProject
Project("{9A19103F-16F7-4668-BE54-9A1E7A4F7556}") = "WEB_253551_URBANOVICH.API", "WEB_253551_URBANOVICH.API\WEB_253551_URBANOVICH.API.csproj", "{F7BDFDCC-485E-4584-8B99-E97CA1A4EABB}"
EndProject
Global
	GlobalSection(SolutionConfigurationPlatforms) = preSolution
		Debug|Any CPU = Debug|Any CPU
		Release|Any CPU = Release|Any CPU
	EndGlobalSection
	GlobalSection(ProjectConfigurationPlatforms) = postSolution
		{F7BDFDCC-485E-4584-8B99-E97CA1A4EABB}.Debug|Any CPU.ActiveCfg = Debug|Any CPU
		{F7BDFDCC-485E-4584-8B99-E97CA1A4EABB}.Debug|Any CPU.Build.0 = Debug|Any CPU
		{F7BDFDCC-485E-4584-8B99-E97CA1A4EABB}.Release|Any CPU.ActiveCfg = Release|Any CPU
		{F7BDFDCC-485E-4584-8B99-E97CA1A4EABB}.Release|Any CPU.Build.0 = Release|Any CPU
		{E5F1DFFF-52FF-4F0B-B092-57C46B79A2DC}.Debug|Any CPU.ActiveCfg = Debug|Any CPU
		{E5F1DFFF-52FF-4F0B-B092-57C46B79A2DC}.Debug|Any CPU.Build.0 = Debug|Any CPU
		{E5F1DFFF-52FF-4F0B-B092-57C46B79A2DC}.Release|Any CPU.ActiveCfg = Release|Any CPU
		{E5F1DFFF-52FF-4F0B-B092-57C46B79A2DC}.Release|Any CPU.Build.0 = Release|Any CPU
		{6A42EEB6-F28A-409C-882A-0C52DC8B8B78}.Debug|Any CPU.ActiveCfg = Debug|Any CPU
		{6A42EEB6-F28A-409C-882A-0C52DC8B8B78}.Debug|Any CPU.Build.0 = Debug|Any CPU
		{6A42EEB6-F28A-409C-882A-0C52DC8B8B78}.Release|Any CPU.ActiveCfg = Release|Any CPU
		{6A42EEB6-F28A-409C-882A-0C52DC8B8B78}.Release|Any CPU.Build.0 = Release|Any CPU
	EndGlobalSection
	GlobalSection(SolutionProperties) = preSolution
		HideSolutionNode = FALSE
	EndGlobalSection
	GlobalSection(ExtensibilityGlobals) = postSolution
		SolutionGuid = {0F0352FB-ACC4-4E10-8997-B167C23850D2}
	EndGlobalSection
EndGlobal